
Microsoft Visual Studio Solution File, Format Version 12.00
# Visual Studio 2013
VisualStudioVersion = 12.0.31101.0
MinimumVisualStudioVersion = 10.0.40219.1
Project("{FAE04EC0-301F-11D3-BF4B-00C04F79EFBC}") = "DrawingExamples", "DrawingExamples\DrawingExamples.csproj", "{7067004E-4C1A-4909-9487-819C7EBF9F72}"
EndProject
Project("{FAE04EC0-301F-11D3-BF4B-00C04F79EFBC}") = "FirstExample", "FirstExample\FirstExample.csproj", "{1DFA1A54-9182-4494-B922-19E6A6A4EB68}"
EndProject
Project("{FAE04EC0-301F-11D3-BF4B-00C04F79EFBC}") = "SecondExample", "SecondExample\SecondExample.csproj", "{E5A74AE8-11E7-4273-AC0F-B72A37F7D05F}"
EndProject
Global
	GlobalSection(SolutionConfigurationPlatforms) = preSolution
		Debug|Any CPU = Debug|Any CPU
		Release|Any CPU = Release|Any CPU
	EndGlobalSection
	GlobalSection(ProjectConfigurationPlatforms) = postSolution
		{7067004E-4C1A-4909-9487-819C7EBF9F72}.Debug|Any CPU.ActiveCfg = Debug|Any CPU
		{7067004E-4C1A-4909-9487-819C7EBF9F72}.Debug|Any CPU.Build.0 = Debug|Any CPU
		{7067004E-4C1A-4909-9487-819C7EBF9F72}.Release|Any CPU.ActiveCfg = Release|Any CPU
		{7067004E-4C1A-4909-9487-819C7EBF9F72}.Release|Any CPU.Build.0 = Release|Any CPU
		{1DFA1A54-9182-4494-B922-19E6A6A4EB68}.Debug|Any CPU.ActiveCfg = Debug|Any CPU
		{1DFA1A54-9182-4494-B922-19E6A6A4EB68}.Debug|Any CPU.Build.0 = Debug|Any CPU
		{1DFA1A54-9182-4494-B922-19E6A6A4EB68}.Release|Any CPU.ActiveCfg = Release|Any CPU
		{1DFA1A54-9182-4494-B922-19E6A6A4EB68}.Release|Any CPU.Build.0 = Release|Any CPU
		{E5A74AE8-11E7-4273-AC0F-B72A37F7D05F}.Debug|Any CPU.ActiveCfg = Debug|Any CPU
		{E5A74AE8-11E7-4273-AC0F-B72A37F7D05F}.Debug|Any CPU.Build.0 = Debug|Any CPU
		{E5A74AE8-11E7-4273-AC0F-B72A37F7D05F}.Release|Any CPU.ActiveCfg = Release|Any CPU
		{E5A74AE8-11E7-4273-AC0F-B72A37F7D05F}.Release|Any CPU.Build.0 = Release|Any CPU
	EndGlobalSection
	GlobalSection(SolutionProperties) = preSolution
		HideSolutionNode = FALSE
	EndGlobalSection
EndGlobal
